# Refresh only after regenerating with XcodeGen 2.45.4 and reviewing the diff.
XCODEGEN_VERSION=2.45.4
PROJECT_YML_SHA256=f34369752d43ff422a457f41736609d51ec7f567509c7d4477730646212b07bc
PBXPROJ_SHA256=0bb53333fd7ccdf3a49fa2f83ae3cf19876428c95e429ec89ca2830e30ee98b6
WORKSPACE_SHA256=7f3b00b5c3fdb45242d7b87e1e5c4e25d1fa8129a16c94295ecc4e8ea2235c5f
SCHEME_SHA256=62f2e35c2165626b8bc3c771ee6ed7ebf5b136e1e5671d359cb460c67629f755
ENTITLEMENTS_SHA256=f2e96d699140991e813f28f42f418789a730336e0a4c569806e3c0ffafca91fd
