# Refresh only after regenerating with XcodeGen 2.45.4 and reviewing the diff.
XCODEGEN_VERSION=2.45.4
PROJECT_YML_SHA256=3d66a765bced5efe9031d759c92dfca460d9bc6d4082ebcaaff8201dcd31f075
PBXPROJ_SHA256=a843220175a221b99cc08de8e31c59c2ee27649ba0568f28c6f8d9f15fa2d579
WORKSPACE_SHA256=7f3b00b5c3fdb45242d7b87e1e5c4e25d1fa8129a16c94295ecc4e8ea2235c5f
SCHEME_SHA256=62f2e35c2165626b8bc3c771ee6ed7ebf5b136e1e5671d359cb460c67629f755
ENTITLEMENTS_SHA256=97adfde4e3d17fec5442593ab1566e1cce8532f1f5285845a7e9096abb08d45b
