# Refresh only after regenerating with XcodeGen 2.45.4 and reviewing the diff.
XCODEGEN_VERSION=2.45.4
PROJECT_YML_SHA256=55830d1edc9f7f2784f4545a19bd1e4a9af20b213c0349489897024c8eef2fa9
PBXPROJ_SHA256=5c13d3f8eacb025eb0d144e2f28bcd7c42cefb13718c77eefa31678f9ac6c2aa
WORKSPACE_SHA256=7f3b00b5c3fdb45242d7b87e1e5c4e25d1fa8129a16c94295ecc4e8ea2235c5f
SCHEME_SHA256=2d9dc170c172b7016018f05a5330c12f3da6be9da1b1e796e95a3fc639833ff1
ENTITLEMENTS_SHA256=f2e96d699140991e813f28f42f418789a730336e0a4c569806e3c0ffafca91fd
